
Microsoft Visual Studio Solution File, Format Version 12.00
# Visual Studio 15
VisualStudioVersion = 15.0.28307.1705
MinimumVisualStudioVersion = 10.0.40219.1
Project("{FAE04EC0-301F-11D3-BF4B-00C04F79EFBC}") = "MVCApp", "MVCApp\MVCApp.csproj", "{A75B0ADA-7765-47FF-895D-62A3710225BB}"
EndProject
Project("{FAE04EC0-301F-11D3-BF4B-00C04F79EFBC}") = "DataLibrary", "DataLibrary\DataLibrary.csproj", "{FB4664AE-07D0-4477-BE2E-CB401C369D1F}"
EndProject
Project("{00D1A9C2-B5F0-4AF3-8072-F6C62B433612}") = "MVCDemoDB", "MVCDemoDB\MVCDemoDB.sqlproj", "{AC7EE68F-B7B2-4A84-B695-9BE500BE40A8}"
EndProject
Global
	GlobalSection(SolutionConfigurationPlatforms) = preSolution
		Debug|Any CPU = Debug|Any CPU
		Release|Any CPU = Release|Any CPU
	EndGlobalSection
	GlobalSection(ProjectConfigurationPlatforms) = postSolution
		{A75B0ADA-7765-47FF-895D-62A3710225BB}.Debug|Any CPU.ActiveCfg = Debug|Any CPU
		{A75B0ADA-7765-47FF-895D-62A3710225BB}.Debug|Any CPU.Build.0 = Debug|Any CPU
		{A75B0ADA-7765-47FF-895D-62A3710225BB}.Release|Any CPU.ActiveCfg = Release|Any CPU
		{A75B0ADA-7765-47FF-895D-62A3710225BB}.Release|Any CPU.Build.0 = Release|Any CPU
		{FB4664AE-07D0-4477-BE2E-CB401C369D1F}.Debug|Any CPU.ActiveCfg = Debug|Any CPU
		{FB4664AE-07D0-4477-BE2E-CB401C369D1F}.Debug|Any CPU.Build.0 = Debug|Any CPU
		{FB4664AE-07D0-4477-BE2E-CB401C369D1F}.Release|Any CPU.ActiveCfg = Release|Any CPU
		{FB4664AE-07D0-4477-BE2E-CB401C369D1F}.Release|Any CPU.Build.0 = Release|Any CPU
		{AC7EE68F-B7B2-4A84-B695-9BE500BE40A8}.Debug|Any CPU.ActiveCfg = Debug|Any CPU
		{AC7EE68F-B7B2-4A84-B695-9BE500BE40A8}.Debug|Any CPU.Build.0 = Debug|Any CPU
		{AC7EE68F-B7B2-4A84-B695-9BE500BE40A8}.Debug|Any CPU.Deploy.0 = Debug|Any CPU
		{AC7EE68F-B7B2-4A84-B695-9BE500BE40A8}.Release|Any CPU.ActiveCfg = Release|Any CPU
		{AC7EE68F-B7B2-4A84-B695-9BE500BE40A8}.Release|Any CPU.Build.0 = Release|Any CPU
		{AC7EE68F-B7B2-4A84-B695-9BE500BE40A8}.Release|Any CPU.Deploy.0 = Release|Any CPU
	EndGlobalSection
	GlobalSection(SolutionProperties) = preSolution
		HideSolutionNode = FALSE
	EndGlobalSection
	GlobalSection(ExtensibilityGlobals) = postSolution
		SolutionGuid = {07E347B7-9BFF-4E6C-B236-5A226296119E}
	EndGlobalSection
EndGlobal
